
Microsoft Visual Studio Solution File, Format Version 12.00
# Visual Studio Version 17
VisualStudioVersion = 17.12.35209.166
MinimumVisualStudioVersion = 10.0.40219.1
Project("{FAE04EC0-301F-11D3-BF4B-00C04F79EFBC}") = "RuntimeChanger", "RuntimeChanger\RuntimeChanger.csproj", "{57127064-04BC-45B1-AE88-DE2FBC9DB0EB}"
EndProject
Project("{FAE04EC0-301F-11D3-BF4B-00C04F79EFBC}") = "ReferenceRemover", "ReferenceRemover\ReferenceRemover.csproj", "{CE0526A5-2AF6-4B0B-9E7B-8B543D22DCA9}"
EndProject
Project("{FAE04EC0-301F-11D3-BF4B-00C04F79EFBC}") = "NamespaceRenamer", "NamespaceRenamer\NamespaceRenamer.csproj", "{791E4780-2684-426C-940B-01FB5606F8D0}"
EndProject
Project("{FAE04EC0-301F-11D3-BF4B-00C04F79EFBC}") = "TailCallMaker", "TailCallMaker\TailCallMaker.csproj", "{41096D80-3BF8-4569-958C-248F5EBC77D8}"
EndProject
Project("{2150E333-8FDC-42A3-9474-1A3956D46DE8}") = "Solution Items", "Solution Items", "{04D71FDD-0DBF-4AAF-9929-8F48BFC6AB16}"
	ProjectSection(SolutionItems) = preProject
		Directory.Build.props = Directory.Build.props
		Directory.Build.targets = Directory.Build.targets
		README.md = README.md
	EndProjectSection
EndProject
Project("{2150E333-8FDC-42A3-9474-1A3956D46DE8}") = "msbuild", "msbuild", "{24C00C58-AF32-404F-B44E-9EE207318BE8}"
	ProjectSection(SolutionItems) = preProject
		msbuild\Ironscheme.Build.props = msbuild\Ironscheme.Build.props
		msbuild\Ironscheme.Build.targets = msbuild\Ironscheme.Build.targets
	EndProjectSection
EndProject
Project("{FAE04EC0-301F-11D3-BF4B-00C04F79EFBC}") = "Setup", "Setup\Setup.csproj", "{54C6AB55-8B1F-4EE5-8928-0C7C51BE5BA3}"
EndProject
Project("{FAE04EC0-301F-11D3-BF4B-00C04F79EFBC}") = "EmbedResources", "EmbedResources\EmbedResources.csproj", "{FC57FA0D-2096-4E7D-BC2E-5F76889E7056}"
EndProject
Project("{FAE04EC0-301F-11D3-BF4B-00C04F79EFBC}") = "GPLEXv1", "gplex\GPLEXv1.csproj", "{8C649193-B650-4DE9-A806-FA04F821B6D1}"
EndProject
Project("{FAE04EC0-301F-11D3-BF4B-00C04F79EFBC}") = "GPPG", "gppg\GPPG.csproj", "{A186DD97-C254-40F9-A8D8-36832CA317F2}"
EndProject
Global
	GlobalSection(SolutionConfigurationPlatforms) = preSolution
		Debug|Any CPU = Debug|Any CPU
		Release|Any CPU = Release|Any CPU
	EndGlobalSection
	GlobalSection(ProjectConfigurationPlatforms) = postSolution
		{57127064-04BC-45B1-AE88-DE2FBC9DB0EB}.Debug|Any CPU.ActiveCfg = Debug|Any CPU
		{57127064-04BC-45B1-AE88-DE2FBC9DB0EB}.Debug|Any CPU.Build.0 = Debug|Any CPU
		{57127064-04BC-45B1-AE88-DE2FBC9DB0EB}.Release|Any CPU.ActiveCfg = Release|Any CPU
		{57127064-04BC-45B1-AE88-DE2FBC9DB0EB}.Release|Any CPU.Build.0 = Release|Any CPU
		{CE0526A5-2AF6-4B0B-9E7B-8B543D22DCA9}.Debug|Any CPU.ActiveCfg = Debug|Any CPU
		{CE0526A5-2AF6-4B0B-9E7B-8B543D22DCA9}.Debug|Any CPU.Build.0 = Debug|Any CPU
		{CE0526A5-2AF6-4B0B-9E7B-8B543D22DCA9}.Release|Any CPU.ActiveCfg = Release|Any CPU
		{CE0526A5-2AF6-4B0B-9E7B-8B543D22DCA9}.Release|Any CPU.Build.0 = Release|Any CPU
		{791E4780-2684-426C-940B-01FB5606F8D0}.Debug|Any CPU.ActiveCfg = Debug|Any CPU
		{791E4780-2684-426C-940B-01FB5606F8D0}.Debug|Any CPU.Build.0 = Debug|Any CPU
		{791E4780-2684-426C-940B-01FB5606F8D0}.Release|Any CPU.ActiveCfg = Release|Any CPU
		{791E4780-2684-426C-940B-01FB5606F8D0}.Release|Any CPU.Build.0 = Release|Any CPU
		{41096D80-3BF8-4569-958C-248F5EBC77D8}.Debug|Any CPU.ActiveCfg = Debug|Any CPU
		{41096D80-3BF8-4569-958C-248F5EBC77D8}.Debug|Any CPU.Build.0 = Debug|Any CPU
		{41096D80-3BF8-4569-958C-248F5EBC77D8}.Release|Any CPU.ActiveCfg = Release|Any CPU
		{41096D80-3BF8-4569-958C-248F5EBC77D8}.Release|Any CPU.Build.0 = Release|Any CPU
		{54C6AB55-8B1F-4EE5-8928-0C7C51BE5BA3}.Debug|Any CPU.ActiveCfg = Debug|Any CPU
		{54C6AB55-8B1F-4EE5-8928-0C7C51BE5BA3}.Debug|Any CPU.Build.0 = Debug|Any CPU
		{54C6AB55-8B1F-4EE5-8928-0C7C51BE5BA3}.Release|Any CPU.ActiveCfg = Release|Any CPU
		{54C6AB55-8B1F-4EE5-8928-0C7C51BE5BA3}.Release|Any CPU.Build.0 = Release|Any CPU
		{FC57FA0D-2096-4E7D-BC2E-5F76889E7056}.Debug|Any CPU.ActiveCfg = Debug|Any CPU
		{FC57FA0D-2096-4E7D-BC2E-5F76889E7056}.Debug|Any CPU.Build.0 = Debug|Any CPU
		{FC57FA0D-2096-4E7D-BC2E-5F76889E7056}.Release|Any CPU.ActiveCfg = Release|Any CPU
		{FC57FA0D-2096-4E7D-BC2E-5F76889E7056}.Release|Any CPU.Build.0 = Release|Any CPU
		{8C649193-B650-4DE9-A806-FA04F821B6D1}.Debug|Any CPU.ActiveCfg = Debug|Any CPU
		{8C649193-B650-4DE9-A806-FA04F821B6D1}.Debug|Any CPU.Build.0 = Debug|Any CPU
		{8C649193-B650-4DE9-A806-FA04F821B6D1}.Release|Any CPU.ActiveCfg = Release|Any CPU
		{8C649193-B650-4DE9-A806-FA04F821B6D1}.Release|Any CPU.Build.0 = Release|Any CPU
		{A186DD97-C254-40F9-A8D8-36832CA317F2}.Debug|Any CPU.ActiveCfg = Debug|Any CPU
		{A186DD97-C254-40F9-A8D8-36832CA317F2}.Debug|Any CPU.Build.0 = Debug|Any CPU
		{A186DD97-C254-40F9-A8D8-36832CA317F2}.Release|Any CPU.ActiveCfg = Release|Any CPU
		{A186DD97-C254-40F9-A8D8-36832CA317F2}.Release|Any CPU.Build.0 = Release|Any CPU
	EndGlobalSection
	GlobalSection(SolutionProperties) = preSolution
		HideSolutionNode = FALSE
	EndGlobalSection
	GlobalSection(ExtensibilityGlobals) = postSolution
		SolutionGuid = {6B04F280-FE3F-440E-8BE5-D6E42306A2DF}
	EndGlobalSection
EndGlobal
